
Microsoft Visual Studio Solution File, Format Version 12.00
# Visual Studio Version 16
VisualStudioVersion = 16.0.31105.61
MinimumVisualStudioVersion = 10.0.40219.1
Project("{8BC9CEB8-8B4A-11D0-8D11-00A0C91BC942}") = "DataForwardingMO", "DataForwardingMO\DataForwardingMO.vcxproj", "{96C31779-F8D3-4B6A-BA26-6CB9D8CA81E5}"
EndProject
Project("{8BC9CEB8-8B4A-11D0-8D11-00A0C91BC942}") = "DataBackwardingMO", "DataBackwardingMO\DataBackwardingMO.vcxproj", "{F3EB4EF3-F494-4F71-BB9B-E3563428A99E}"
EndProject
Global
	GlobalSection(SolutionConfigurationPlatforms) = preSolution
		Debug|x64 = Debug|x64
		Release|x64 = Release|x64
	EndGlobalSection
	GlobalSection(ProjectConfigurationPlatforms) = postSolution
		{96C31779-F8D3-4B6A-BA26-6CB9D8CA81E5}.Debug|x64.ActiveCfg = Debug|x64
		{96C31779-F8D3-4B6A-BA26-6CB9D8CA81E5}.Debug|x64.Build.0 = Debug|x64
		{96C31779-F8D3-4B6A-BA26-6CB9D8CA81E5}.Release|x64.ActiveCfg = Release|x64
		{96C31779-F8D3-4B6A-BA26-6CB9D8CA81E5}.Release|x64.Build.0 = Release|x64
		{F3EB4EF3-F494-4F71-BB9B-E3563428A99E}.Debug|x64.ActiveCfg = Debug|x64
		{F3EB4EF3-F494-4F71-BB9B-E3563428A99E}.Debug|x64.Build.0 = Debug|x64
		{F3EB4EF3-F494-4F71-BB9B-E3563428A99E}.Release|x64.ActiveCfg = Release|x64
		{F3EB4EF3-F494-4F71-BB9B-E3563428A99E}.Release|x64.Build.0 = Release|x64
	EndGlobalSection
	GlobalSection(SolutionProperties) = preSolution
		HideSolutionNode = FALSE
	EndGlobalSection
	GlobalSection(ExtensibilityGlobals) = postSolution
		SolutionGuid = {324659AA-AFAC-4B77-B2EE-E35831C81D0D}
	EndGlobalSection
EndGlobal
